
Microsoft Visual Studio Solution File, Format Version 12.00
Project("{FAE04EC0-301F-11D3-BF4B-00C04F79EFBC}") = "ByteTrackCSharp", "ByteTrackCSharp.csproj", "{68620239-6B17-42EF-AA19-A84765C63362}"
EndProject
Global
	GlobalSection(SolutionConfigurationPlatforms) = preSolution
		Debug|Any CPU = Debug|Any CPU
		Release|Any CPU = Release|Any CPU
	EndGlobalSection
	GlobalSection(ProjectConfigurationPlatforms) = postSolution
		{68620239-6B17-42EF-AA19-A84765C63362}.Debug|Any CPU.ActiveCfg = Debug|Any CPU
		{68620239-6B17-42EF-AA19-A84765C63362}.Debug|Any CPU.Build.0 = Debug|Any CPU
		{68620239-6B17-42EF-AA19-A84765C63362}.Release|Any CPU.ActiveCfg = Release|Any CPU
		{68620239-6B17-42EF-AA19-A84765C63362}.Release|Any CPU.Build.0 = Release|Any CPU
	EndGlobalSection
EndGlobal
